// !$*UTF8*$!
{
	archiveVersion = 1;
	classes = {
	};
	objectVersion = 56;
	objects = {

/* Begin PBXBuildFile section */
		673952FB2A9E934500B0E859 /* Recipe.swift in Sources */ = {isa = PBXBuildFile; fileRef = 673952FA2A9E934500B0E859 /* Recipe.swift */; };
		673953012A9E981700B0E859 /* RecipeSearchViewModel.swift in Sources */ = {isa = PBXBuildFile; fileRef = 673953002A9E981700B0E859 /* RecipeSearchViewModel.swift */; };
		673953032A9EA6F700B0E859 /* RecipeSearchResponse.swift in Sources */ = {isa = PBXBuildFile; fileRef = 673953022A9EA6F700B0E859 /* RecipeSearchResponse.swift */; };
		673953052A9EAF5D00B0E859 /* RecipeCard.swift in Sources */ = {isa = PBXBuildFile; fileRef = 673953042A9EAF5D00B0E859 /* RecipeCard.swift */; };
		6739530A2A9EBC4100B0E859 /* RecipeDetail.swift in Sources */ = {isa = PBXBuildFile; fileRef = 673953092A9EBC4100B0E859 /* RecipeDetail.swift */; };
		6739530C2A9F03DC00B0E859 /* RecipeDetailView.swift in Sources */ = {isa = PBXBuildFile; fileRef = 6739530B2A9F03DC00B0E859 /* RecipeDetailView.swift */; };
		6775BB5C2A9E765F00F3A9A3 /* RecipeGuruApp.swift in Sources */ = {isa = PBXBuildFile; fileRef = 6775BB5B2A9E765F00F3A9A3 /* RecipeGuruApp.swift */; };
		6775BB5E2A9E765F00F3A9A3 /* RecipeSearchView.swift in Sources */ = {isa = PBXBuildFile; fileRef = 6775BB5D2A9E765F00F3A9A3 /* RecipeSearchView.swift */; };
		6775BB602A9E766100F3A9A3 /* Assets.xcassets in Resources */ = {isa = PBXBuildFile; fileRef = 6775BB5F2A9E766100F3A9A3 /* Assets.xcassets */; };
		6775BB632A9E766100F3A9A3 /* Preview Assets.xcassets in Resources */ = {isa = PBXBuildFile; fileRef = 6775BB622A9E766100F3A9A3 /* Preview Assets.xcassets */; };
		6775BB6D2A9E766200F3A9A3 /* RecipeGuruTests.swift in Sources */ = {isa = PBXBuildFile; fileRef = 6775BB6C2A9E766200F3A9A3 /* RecipeGuruTests.swift */; };
		6775BB772A9E766200F3A9A3 /* RecipeGuruUITests.swift in Sources */ = {isa = PBXBuildFile; fileRef = 6775BB762A9E766200F3A9A3 /* RecipeGuruUITests.swift */; };
		6775BB792A9E766200F3A9A3 /* RecipeGuruUITestsLaunchTests.swift in Sources */ = {isa = PBXBuildFile; fileRef = 6775BB782A9E766200F3A9A3 /* RecipeGuruUITestsLaunchTests.swift */; };
		6775BB872A9E84E300F3A9A3 /* ApiService.swift in Sources */ = {isa = PBXBuildFile; fileRef = 6775BB862A9E84E300F3A9A3 /* ApiService.swift */; };
/* End PBXBuildFile section */

/* Begin PBXContainerItemProxy section */
		6775BB692A9E766200F3A9A3 /* PBXContainerItemProxy */ = {
			isa = PBXContainerItemProxy;
			containerPortal = 6775BB502A9E765F00F3A9A3 /* Project object */;
			proxyType = 1;
			remoteGlobalIDString = 6775BB572A9E765F00F3A9A3;
			remoteInfo = RecipeGuru;
		};
		6775BB732A9E766200F3A9A3 /* PBXContainerItemProxy */ = {
			isa = PBXContainerItemProxy;
			containerPortal = 6775BB502A9E765F00F3A9A3 /* Project object */;
			proxyType = 1;
			remoteGlobalIDString = 6775BB572A9E765F00F3A9A3;
			remoteInfo = RecipeGuru;
		};
/* End PBXContainerItemProxy section */

/* Begin PBXFileReference section */
		673952FA2A9E934500B0E859 /* Recipe.swift */ = {isa = PBXFileReference; lastKnownFileType = sourcecode.swift; path = Recipe.swift; sourceTree = "<group>"; };
		673953002A9E981700B0E859 /* RecipeSearchViewModel.swift */ = {isa = PBXFileReference; lastKnownFileType = sourcecode.swift; path = RecipeSearchViewModel.swift; sourceTree = "<group>"; };
		673953022A9EA6F700B0E859 /* RecipeSearchResponse.swift */ = {isa = PBXFileReference; lastKnownFileType = sourcecode.swift; path = RecipeSearchResponse.swift; sourceTree = "<group>"; };
		673953042A9EAF5D00B0E859 /* RecipeCard.swift */ = {isa = PBXFileReference; lastKnownFileType = sourcecode.swift; path = RecipeCard.swift; sourceTree = "<group>"; };
		673953092A9EBC4100B0E859 /* RecipeDetail.swift */ = {isa = PBXFileReference; lastKnownFileType = sourcecode.swift; path = RecipeDetail.swift; sourceTree = "<group>"; };
		6739530B2A9F03DC00B0E859 /* RecipeDetailView.swift */ = {isa = PBXFileReference; lastKnownFileType = sourcecode.swift; path = RecipeDetailView.swift; sourceTree = "<group>"; };
		6775BB582A9E765F00F3A9A3 /* RecipeGuru.app */ = {isa = PBXFileReference; explicitFileType = wrapper.application; includeInIndex = 0; path = RecipeGuru.app; sourceTree = BUILT_PRODUCTS_DIR; };
		6775BB5B2A9E765F00F3A9A3 /* RecipeGuruApp.swift */ = {isa = PBXFileReference; lastKnownFileType = sourcecode.swift; path = RecipeGuruApp.swift; sourceTree = "<group>"; };
		6775BB5D2A9E765F00F3A9A3 /* RecipeSearchView.swift */ = {isa = PBXFileReference; lastKnownFileType = sourcecode.swift; path = RecipeSearchView.swift; sourceTree = "<group>"; };
		6775BB5F2A9E766100F3A9A3 /* Assets.xcassets */ = {isa = PBXFileReference; lastKnownFileType = folder.assetcatalog; path = Assets.xcassets; sourceTree = "<group>"; };
		6775BB622A9E766100F3A9A3 /* Preview Assets.xcassets */ = {isa = PBXFileReference; lastKnownFileType = folder.assetcatalog; path = "Preview Assets.xcassets"; sourceTree = "<group>"; };
		6775BB682A9E766200F3A9A3 /* RecipeGuruTests.xctest */ = {isa = PBXFileReference; explicitFileType = wrapper.cfbundle; includeInIndex = 0; path = RecipeGuruTests.xctest; sourceTree = BUILT_PRODUCTS_DIR; };
		6775BB6C2A9E766200F3A9A3 /* RecipeGuruTests.swift */ = {isa = PBXFileReference; lastKnownFileType = sourcecode.swift; path = RecipeGuruTests.swift; sourceTree = "<group>"; };
		6775BB722A9E766200F3A9A3 /* RecipeGuruUITests.xctest */ = {isa = PBXFileReference; explicitFileType = wrapper.cfbundle; includeInIndex = 0; path = RecipeGuruUITests.xctest; sourceTree = BUILT_PRODUCTS_DIR; };
		6775BB762A9E766200F3A9A3 /* RecipeGuruUITests.swift */ = {isa = PBXFileReference; lastKnownFileType = sourcecode.swift; path = RecipeGuruUITests.swift; sourceTree = "<group>"; };
		6775BB782A9E766200F3A9A3 /* RecipeGuruUITestsLaunchTests.swift */ = {isa = PBXFileReference; lastKnownFileType = sourcecode.swift; path = RecipeGuruUITestsLaunchTests.swift; sourceTree = "<group>"; };
		6775BB862A9E84E300F3A9A3 /* ApiService.swift */ = {isa = PBXFileReference; lastKnownFileType = sourcecode.swift; path = ApiService.swift; sourceTree = "<group>"; };
/* End PBXFileReference section */

/* Begin PBXFrameworksBuildPhase section */
		6775BB552A9E765F00F3A9A3 /* Frameworks */ = {
			isa = PBXFrameworksBuildPhase;
			buildActionMask = 2147483647;
			files = (
			);
			runOnlyForDeploymentPostprocessing = 0;
		};
		6775BB652A9E766200F3A9A3 /* Frameworks */ = {
			isa = PBXFrameworksBuildPhase;
			buildActionMask = 2147483647;
			files = (
			);
			runOnlyForDeploymentPostprocessing = 0;
		};
		6775BB6F2A9E766200F3A9A3 /* Frameworks */ = {
			isa = PBXFrameworksBuildPhase;
			buildActionMask = 2147483647;
			files = (
			);
			runOnlyForDeploymentPostprocessing = 0;
		};
/* End PBXFrameworksBuildPhase section */

/* Begin PBXGroup section */
		673952FE2A9E980000B0E859 /* Modules */ = {
			isa = PBXGroup;
			children = (
				673953062A9EBC1600B0E859 /* RecipeDetail */,
				673952FF2A9E980700B0E859 /* RecipeSearch */,
			);
			path = Modules;
			sourceTree = "<group>";
		};
		673952FF2A9E980700B0E859 /* RecipeSearch */ = {
			isa = PBXGroup;
			children = (
				6775BB5D2A9E765F00F3A9A3 /* RecipeSearchView.swift */,
				673953002A9E981700B0E859 /* RecipeSearchViewModel.swift */,
				673953042A9EAF5D00B0E859 /* RecipeCard.swift */,
			);
			path = RecipeSearch;
			sourceTree = "<group>";
		};
		673953062A9EBC1600B0E859 /* RecipeDetail */ = {
			isa = PBXGroup;
			children = (
				6739530B2A9F03DC00B0E859 /* RecipeDetailView.swift */,
			);
			path = RecipeDetail;
			sourceTree = "<group>";
		};
		6775BB4F2A9E765F00F3A9A3 = {
			isa = PBXGroup;
			children = (
				6775BB5A2A9E765F00F3A9A3 /* RecipeGuru */,
				6775BB6B2A9E766200F3A9A3 /* RecipeGuruTests */,
				6775BB752A9E766200F3A9A3 /* RecipeGuruUITests */,
				6775BB592A9E765F00F3A9A3 /* Products */,
			);
			sourceTree = "<group>";
		};
		6775BB592A9E765F00F3A9A3 /* Products */ = {
			isa = PBXGroup;
			children = (
				6775BB582A9E765F00F3A9A3 /* RecipeGuru.app */,
				6775BB682A9E766200F3A9A3 /* RecipeGuruTests.xctest */,
				6775BB722A9E766200F3A9A3 /* RecipeGuruUITests.xctest */,
			);
			name = Products;
			sourceTree = "<group>";
		};
		6775BB5A2A9E765F00F3A9A3 /* RecipeGuru */ = {
			isa = PBXGroup;
			children = (
				673952FE2A9E980000B0E859 /* Modules */,
				6775BB8A2A9E914300F3A9A3 /* Models */,
				6775BB852A9E790100F3A9A3 /* Networking */,
				6775BB5B2A9E765F00F3A9A3 /* RecipeGuruApp.swift */,
				6775BB5F2A9E766100F3A9A3 /* Assets.xcassets */,
				6775BB612A9E766100F3A9A3 /* Preview Content */,
			);
			path = RecipeGuru;
			sourceTree = "<group>";
		};
		6775BB612A9E766100F3A9A3 /* Preview Content */ = {
			isa = PBXGroup;
			children = (
				6775BB622A9E766100F3A9A3 /* Preview Assets.xcassets */,
			);
			path = "Preview Content";
			sourceTree = "<group>";
		};
		6775BB6B2A9E766200F3A9A3 /* RecipeGuruTests */ = {
			isa = PBXGroup;
			children = (
				6775BB6C2A9E766200F3A9A3 /* RecipeGuruTests.swift */,
			);
			path = RecipeGuruTests;
			sourceTree = "<group>";
		};
		6775BB752A9E766200F3A9A3 /* RecipeGuruUITests */ = {
			isa = PBXGroup;
			children = (
				6775BB762A9E766200F3A9A3 /* RecipeGuruUITests.swift */,
				6775BB782A9E766200F3A9A3 /* RecipeGuruUITestsLaunchTests.swift */,
			);
			path = RecipeGuruUITests;
			sourceTree = "<group>";
		};
		6775BB852A9E790100F3A9A3 /* Networking */ = {
			isa = PBXGroup;
			children = (
				6775BB862A9E84E300F3A9A3 /* ApiService.swift */,
			);
			path = Networking;
			sourceTree = "<group>";
		};
		6775BB8A2A9E914300F3A9A3 /* Models */ = {
			isa = PBXGroup;
			children = (
				673952FA2A9E934500B0E859 /* Recipe.swift */,
				673953022A9EA6F700B0E859 /* RecipeSearchResponse.swift */,
				673953092A9EBC4100B0E859 /* RecipeDetail.swift */,
			);
			path = Models;
			sourceTree = "<group>";
		};
/* End PBXGroup section */

/* Begin PBXNativeTarget section */
		6775BB572A9E765F00F3A9A3 /* RecipeGuru */ = {
			isa = PBXNativeTarget;
			buildConfigurationList = 6775BB7C2A9E766200F3A9A3 /* Build configuration list for PBXNativeTarget "RecipeGuru" */;
			buildPhases = (
				6775BB542A9E765F00F3A9A3 /* Sources */,
				6775BB552A9E765F00F3A9A3 /* Frameworks */,
				6775BB562A9E765F00F3A9A3 /* Resources */,
			);
			buildRules = (
			);
			dependencies = (
			);
			name = RecipeGuru;
			productName = RecipeGuru;
			productReference = 6775BB582A9E765F00F3A9A3 /* RecipeGuru.app */;
			productType = "com.apple.product-type.application";
		};
		6775BB672A9E766200F3A9A3 /* RecipeGuruTests */ = {
			isa = PBXNativeTarget;
			buildConfigurationList = 6775BB7F2A9E766200F3A9A3 /* Build configuration list for PBXNativeTarget "RecipeGuruTests" */;
			buildPhases = (
				6775BB642A9E766200F3A9A3 /* Sources */,
				6775BB652A9E766200F3A9A3 /* Frameworks */,
				6775BB662A9E766200F3A9A3 /* Resources */,
			);
			buildRules = (
			);
			dependencies = (
				6775BB6A2A9E766200F3A9A3 /* PBXTargetDependency */,
			);
			name = RecipeGuruTests;
			productName = RecipeGuruTests;
			productReference = 6775BB682A9E766200F3A9A3 /* RecipeGuruTests.xctest */;
			productType = "com.apple.product-type.bundle.unit-test";
		};
		6775BB712A9E766200F3A9A3 /* RecipeGuruUITests */ = {
			isa = PBXNativeTarget;
			buildConfigurationList = 6775BB822A9E766200F3A9A3 /* Build configuration list for PBXNativeTarget "RecipeGuruUITests" */;
			buildPhases = (
				6775BB6E2A9E766200F3A9A3 /* Sources */,
				6775BB6F2A9E766200F3A9A3 /* Frameworks */,
				6775BB702A9E766200F3A9A3 /* Resources */,
			);
			buildRules = (
			);
			dependencies = (
				6775BB742A9E766200F3A9A3 /* PBXTargetDependency */,
			);
			name = RecipeGuruUITests;
			productName = RecipeGuruUITests;
			productReference = 6775BB722A9E766200F3A9A3 /* RecipeGuruUITests.xctest */;
			productType = "com.apple.product-type.bundle.ui-testing";
		};
/* End PBXNativeTarget section */

/* Begin PBXProject section */
		6775BB502A9E765F00F3A9A3 /* Project object */ = {
			isa = PBXProject;
			attributes = {
				BuildIndependentTargetsInParallel = 1;
				LastSwiftUpdateCheck = 1430;
				LastUpgradeCheck = 1430;
				TargetAttributes = {
					6775BB572A9E765F00F3A9A3 = {
						CreatedOnToolsVersion = 14.3;
					};
					6775BB672A9E766200F3A9A3 = {
						CreatedOnToolsVersion = 14.3;
						TestTargetID = 6775BB572A9E765F00F3A9A3;
					};
					6775BB712A9E766200F3A9A3 = {
						CreatedOnToolsVersion = 14.3;
						TestTargetID = 6775BB572A9E765F00F3A9A3;
					};
				};
			};
			buildConfigurationList = 6775BB532A9E765F00F3A9A3 /* Build configuration list for PBXProject "RecipeGuru" */;
			compatibilityVersion = "Xcode 14.0";
			developmentRegion = en;
			hasScannedForEncodings = 0;
			knownRegions = (
				en,
				Base,
			);
			mainGroup = 6775BB4F2A9E765F00F3A9A3;
			productRefGroup = 6775BB592A9E765F00F3A9A3 /* Products */;
			projectDirPath = "";
			projectRoot = "";
			targets = (
				6775BB572A9E765F00F3A9A3 /* RecipeGuru */,
				6775BB672A9E766200F3A9A3 /* RecipeGuruTests */,
				6775BB712A9E766200F3A9A3 /* RecipeGuruUITests */,
			);
		};
/* End PBXProject section */

/* Begin PBXResourcesBuildPhase section */
		6775BB562A9E765F00F3A9A3 /* Resources */ = {
			isa = PBXResourcesBuildPhase;
			buildActionMask = 2147483647;
			files = (
				6775BB632A9E766100F3A9A3 /* Preview Assets.xcassets in Resources */,
				6775BB602A9E766100F3A9A3 /* Assets.xcassets in Resources */,
			);
			runOnlyForDeploymentPostprocessing = 0;
		};
		6775BB662A9E766200F3A9A3 /* Resources */ = {
			isa = PBXResourcesBuildPhase;
			buildActionMask = 2147483647;
			files = (
			);
			runOnlyForDeploymentPostprocessing = 0;
		};
		6775BB702A9E766200F3A9A3 /* Resources */ = {
			isa = PBXResourcesBuildPhase;
			buildActionMask = 2147483647;
			files = (
			);
			runOnlyForDeploymentPostprocessing = 0;
		};
/* End PBXResourcesBuildPhase section */

/* Begin PBXSourcesBuildPhase section */
		6775BB542A9E765F00F3A9A3 /* Sources */ = {
			isa = PBXSourcesBuildPhase;
			buildActionMask = 2147483647;
			files = (
				6775BB5E2A9E765F00F3A9A3 /* RecipeSearchView.swift in Sources */,
				6739530C2A9F03DC00B0E859 /* RecipeDetailView.swift in Sources */,
				6775BB5C2A9E765F00F3A9A3 /* RecipeGuruApp.swift in Sources */,
				6739530A2A9EBC4100B0E859 /* RecipeDetail.swift in Sources */,
				673953032A9EA6F700B0E859 /* RecipeSearchResponse.swift in Sources */,
				6775BB872A9E84E300F3A9A3 /* ApiService.swift in Sources */,
				673952FB2A9E934500B0E859 /* Recipe.swift in Sources */,
				673953012A9E981700B0E859 /* RecipeSearchViewModel.swift in Sources */,
				673953052A9EAF5D00B0E859 /* RecipeCard.swift in Sources */,
			);
			runOnlyForDeploymentPostprocessing = 0;
		};
		6775BB642A9E766200F3A9A3 /* Sources */ = {
			isa = PBXSourcesBuildPhase;
			buildActionMask = 2147483647;
			files = (
				6775BB6D2A9E766200F3A9A3 /* RecipeGuruTests.swift in Sources */,
			);
			runOnlyForDeploymentPostprocessing = 0;
		};
		6775BB6E2A9E766200F3A9A3 /* Sources */ = {
			isa = PBXSourcesBuildPhase;
			buildActionMask = 2147483647;
			files = (
				6775BB772A9E766200F3A9A3 /* RecipeGuruUITests.swift in Sources */,
				6775BB792A9E766200F3A9A3 /* RecipeGuruUITestsLaunchTests.swift in Sources */,
			);
			runOnlyForDeploymentPostprocessing = 0;
		};
/* End PBXSourcesBuildPhase section */

/* Begin PBXTargetDependency section */
		6775BB6A2A9E766200F3A9A3 /* PBXTargetDependency */ = {
			isa = PBXTargetDependency;
			target = 6775BB572A9E765F00F3A9A3 /* RecipeGuru */;
			targetProxy = 6775BB692A9E766200F3A9A3 /* PBXContainerItemProxy */;
		};
		6775BB742A9E766200F3A9A3 /* PBXTargetDependency */ = {
			isa = PBXTargetDependency;
			target = 6775BB572A9E765F00F3A9A3 /* RecipeGuru */;
			targetProxy = 6775BB732A9E766200F3A9A3 /* PBXContainerItemProxy */;
		};
/* End PBXTargetDependency section */

/* Begin XCBuildConfiguration section */
		6775BB7A2A9E766200F3A9A3 /* Debug */ = {
			isa = XCBuildConfiguration;
			buildSettings = {
				ALWAYS_SEARCH_USER_PATHS = NO;
				CLANG_ANALYZER_NONNULL = YES;
				CLANG_ANALYZER_NUMBER_OBJECT_CONVERSION = YES_AGGRESSIVE;
				CLANG_CXX_LANGUAGE_STANDARD = "gnu++20";
				CLANG_ENABLE_MODULES = YES;
				CLANG_ENABLE_OBJC_ARC = YES;
				CLANG_ENABLE_OBJC_WEAK = YES;
				CLANG_WARN_BLOCK_CAPTURE_AUTORELEASING = YES;
				CLANG_WARN_BOOL_CONVERSION = YES;
				CLANG_WARN_COMMA = YES;
				CLANG_WARN_CONSTANT_CONVERSION = YES;
				CLANG_WARN_DEPRECATED_OBJC_IMPLEMENTATIONS = YES;
				CLANG_WARN_DIRECT_OBJC_ISA_USAGE = YES_ERROR;
				CLANG_WARN_DOCUMENTATION_COMMENTS = YES;
				CLANG_WARN_EMPTY_BODY = YES;
				CLANG_WARN_ENUM_CONVERSION = YES;
				CLANG_WARN_INFINITE_RECURSION = YES;
				CLANG_WARN_INT_CONVERSION = YES;
				CLANG_WARN_NON_LITERAL_NULL_CONVERSION = YES;
				CLANG_WARN_OBJC_IMPLICIT_RETAIN_SELF = YES;
				CLANG_WARN_OBJC_LITERAL_CONVERSION = YES;
				CLANG_WARN_OBJC_ROOT_CLASS = YES_ERROR;
				CLANG_WARN_QUOTED_INCLUDE_IN_FRAMEWORK_HEADER = YES;
				CLANG_WARN_RANGE_LOOP_ANALYSIS = YES;
				CLANG_WARN_STRICT_PROTOTYPES = YES;
				CLANG_WARN_SUSPICIOUS_MOVE = YES;
				CLANG_WARN_UNGUARDED_AVAILABILITY = YES_AGGRESSIVE;
				CLANG_WARN_UNREACHABLE_CODE = YES;
				CLANG_WARN__DUPLICATE_METHOD_MATCH = YES;
				COPY_PHASE_STRIP = NO;
				DEBUG_INFORMATION_FORMAT = dwarf;
				ENABLE_STRICT_OBJC_MSGSEND = YES;
				ENABLE_TESTABILITY = YES;
				GCC_C_LANGUAGE_STANDARD = gnu11;
				GCC_DYNAMIC_NO_PIC = NO;
				GCC_NO_COMMON_BLOCKS = YES;
				GCC_OPTIMIZATION_LEVEL = 0;
				GCC_PREPROCESSOR_DEFINITIONS = (
					"DEBUG=1",
					"$(inherited)",
				);
				GCC_WARN_64_TO_32_BIT_CONVERSION = YES;
				GCC_WARN_ABOUT_RETURN_TYPE = YES_ERROR;
				GCC_WARN_UNDECLARED_SELECTOR = YES;
				GCC_WARN_UNINITIALIZED_AUTOS = YES_AGGRESSIVE;
				GCC_WARN_UNUSED_FUNCTION = YES;
				GCC_WARN_UNUSED_VARIABLE = YES;
				IPHONEOS_DEPLOYMENT_TARGET = 16.4;
				MTL_ENABLE_DEBUG_INFO = INCLUDE_SOURCE;
				MTL_FAST_MATH = YES;
				ONLY_ACTIVE_ARCH = YES;
				SDKROOT = iphoneos;
				SWIFT_ACTIVE_COMPILATION_CONDITIONS = DEBUG;
				SWIFT_OPTIMIZATION_LEVEL = "-Onone";
			};
			name = Debug;
		};
		6775BB7B2A9E766200F3A9A3 /* Release */ = {
			isa = XCBuildConfiguration;
			buildSettings = {
				ALWAYS_SEARCH_USER_PATHS = NO;
				CLANG_ANALYZER_NONNULL = YES;
				CLANG_ANALYZER_NUMBER_OBJECT_CONVERSION = YES_AGGRESSIVE;
				CLANG_CXX_LANGUAGE_STANDARD = "gnu++20";
				CLANG_ENABLE_MODULES = YES;
				CLANG_ENABLE_OBJC_ARC = YES;
				CLANG_ENABLE_OBJC_WEAK = YES;
				CLANG_WARN_BLOCK_CAPTURE_AUTORELEASING = YES;
				CLANG_WARN_BOOL_CONVERSION = YES;
				CLANG_WARN_COMMA = YES;
				CLANG_WARN_CONSTANT_CONVERSION = YES;
				CLANG_WARN_DEPRECATED_OBJC_IMPLEMENTATIONS = YES;
				CLANG_WARN_DIRECT_OBJC_ISA_USAGE = YES_ERROR;
				CLANG_WARN_DOCUMENTATION_COMMENTS = YES;
				CLANG_WARN_EMPTY_BODY = YES;
				CLANG_WARN_ENUM_CONVERSION = YES;
				CLANG_WARN_INFINITE_RECURSION = YES;
				CLANG_WARN_INT_CONVERSION = YES;
				CLANG_WARN_NON_LITERAL_NULL_CONVERSION = YES;
				CLANG_WARN_OBJC_IMPLICIT_RETAIN_SELF = YES;
				CLANG_WARN_OBJC_LITERAL_CONVERSION = YES;
				CLANG_WARN_OBJC_ROOT_CLASS = YES_ERROR;
				CLANG_WARN_QUOTED_INCLUDE_IN_FRAMEWORK_HEADER = YES;
				CLANG_WARN_RANGE_LOOP_ANALYSIS = YES;
				CLANG_WARN_STRICT_PROTOTYPES = YES;
				CLANG_WARN_SUSPICIOUS_MOVE = YES;
				CLANG_WARN_UNGUARDED_AVAILABILITY = YES_AGGRESSIVE;
				CLANG_WARN_UNREACHABLE_CODE = YES;
				CLANG_WARN__DUPLICATE_METHOD_MATCH = YES;
				COPY_PHASE_STRIP = NO;
				DEBUG_INFORMATION_FORMAT = "dwarf-with-dsym";
				ENABLE_NS_ASSERTIONS = NO;
				ENABLE_STRICT_OBJC_MSGSEND = YES;
				GCC_C_LANGUAGE_STANDARD = gnu11;
				GCC_NO_COMMON_BLOCKS = YES;
				GCC_WARN_64_TO_32_BIT_CONVERSION = YES;
				GCC_WARN_ABOUT_RETURN_TYPE = YES_ERROR;
				GCC_WARN_UNDECLARED_SELECTOR = YES;
				GCC_WARN_UNINITIALIZED_AUTOS = YES_AGGRESSIVE;
				GCC_WARN_UNUSED_FUNCTION = YES;
				GCC_WARN_UNUSED_VARIABLE = YES;
				IPHONEOS_DEPLOYMENT_TARGET = 16.4;
				MTL_ENABLE_DEBUG_INFO = NO;
				MTL_FAST_MATH = YES;
				SDKROOT = iphoneos;
				SWIFT_COMPILATION_MODE = wholemodule;
				SWIFT_OPTIMIZATION_LEVEL = "-O";
				VALIDATE_PRODUCT = YES;
			};
			name = Release;
		};
		6775BB7D2A9E766200F3A9A3 /* Debug */ = {
			isa = XCBuildConfiguration;
			buildSettings = {
				ASSETCATALOG_COMPILER_APPICON_NAME = AppIcon;
				ASSETCATALOG_COMPILER_GLOBAL_ACCENT_COLOR_NAME = AccentColor;
				CODE_SIGN_STYLE = Automatic;
				CURRENT_PROJECT_VERSION = 1;
				DEVELOPMENT_ASSET_PATHS = "\"RecipeGuru/Preview Content\"";
				DEVELOPMENT_TEAM = 36LQ6HAJ6Y;
				ENABLE_PREVIEWS = YES;
				GENERATE_INFOPLIST_FILE = YES;
				INFOPLIST_KEY_UIApplicationSceneManifest_Generation = YES;
				INFOPLIST_KEY_UIApplicationSupportsIndirectInputEvents = YES;
				INFOPLIST_KEY_UILaunchScreen_Generation = YES;
				INFOPLIST_KEY_UISupportedInterfaceOrientations_iPad = "UIInterfaceOrientationPortrait UIInterfaceOrientationPortraitUpsideDown UIInterfaceOrientationLandscapeLeft UIInterfaceOrientationLandscapeRight";
				INFOPLIST_KEY_UISupportedInterfaceOrientations_iPhone = "UIInterfaceOrientationPortrait UIInterfaceOrientationLandscapeLeft UIInterfaceOrientationLandscapeRight";
				LD_RUNPATH_SEARCH_PATHS = (
					"$(inherited)",
					"@executable_path/Frameworks",
				);
				MARKETING_VERSION = 1.0;
				PRODUCT_BUNDLE_IDENTIFIER = JustinKnight.RecipeGuru;
				PRODUCT_NAME = "$(TARGET_NAME)";
				SWIFT_EMIT_LOC_STRINGS = YES;
				SWIFT_VERSION = 5.0;
				TARGETED_DEVICE_FAMILY = "1,2";
			};
			name = Debug;
		};
		6775BB7E2A9E766200F3A9A3 /* Release */ = {
			isa = XCBuildConfiguration;
			buildSettings = {
				ASSETCATALOG_COMPILER_APPICON_NAME = AppIcon;
				ASSETCATALOG_COMPILER_GLOBAL_ACCENT_COLOR_NAME = AccentColor;
				CODE_SIGN_STYLE = Automatic;
				CURRENT_PROJECT_VERSION = 1;
				DEVELOPMENT_ASSET_PATHS = "\"RecipeGuru/Preview Content\"";
				DEVELOPMENT_TEAM = 36LQ6HAJ6Y;
				ENABLE_PREVIEWS = YES;
				GENERATE_INFOPLIST_FILE = YES;
				INFOPLIST_KEY_UIApplicationSceneManifest_Generation = YES;
				INFOPLIST_KEY_UIApplicationSupportsIndirectInputEvents = YES;
				INFOPLIST_KEY_UILaunchScreen_Generation = YES;
				INFOPLIST_KEY_UISupportedInterfaceOrientations_iPad = "UIInterfaceOrientationPortrait UIInterfaceOrientationPortraitUpsideDown UIInterfaceOrientationLandscapeLeft UIInterfaceOrientationLandscapeRight";
				INFOPLIST_KEY_UISupportedInterfaceOrientations_iPhone = "UIInterfaceOrientationPortrait UIInterfaceOrientationLandscapeLeft UIInterfaceOrientationLandscapeRight";
				LD_RUNPATH_SEARCH_PATHS = (
					"$(inherited)",
					"@executable_path/Frameworks",
				);
				MARKETING_VERSION = 1.0;
				PRODUCT_BUNDLE_IDENTIFIER = JustinKnight.RecipeGuru;
				PRODUCT_NAME = "$(TARGET_NAME)";
				SWIFT_EMIT_LOC_STRINGS = YES;
				SWIFT_VERSION = 5.0;
				TARGETED_DEVICE_FAMILY = "1,2";
			};
			name = Release;
		};
		6775BB802A9E766200F3A9A3 /* Debug */ = {
			isa = XCBuildConfiguration;
			buildSettings = {
				ALWAYS_EMBED_SWIFT_STANDARD_LIBRARIES = YES;
				BUNDLE_LOADER = "$(TEST_HOST)";
				CODE_SIGN_STYLE = Automatic;
				CURRENT_PROJECT_VERSION = 1;
				DEVELOPMENT_TEAM = 36LQ6HAJ6Y;
				GENERATE_INFOPLIST_FILE = YES;
				IPHONEOS_DEPLOYMENT_TARGET = 16.4;
				MARKETING_VERSION = 1.0;
				PRODUCT_BUNDLE_IDENTIFIER = JustinKnight.RecipeGuruTests;
				PRODUCT_NAME = "$(TARGET_NAME)";
				SWIFT_EMIT_LOC_STRINGS = NO;
				SWIFT_VERSION = 5.0;
				TARGETED_DEVICE_FAMILY = "1,2";
				TEST_HOST = "$(BUILT_PRODUCTS_DIR)/RecipeGuru.app/$(BUNDLE_EXECUTABLE_FOLDER_PATH)/RecipeGuru";
			};
			name = Debug;
		};
		6775BB812A9E766200F3A9A3 /* Release */ = {
			isa = XCBuildConfiguration;
			buildSettings = {
				ALWAYS_EMBED_SWIFT_STANDARD_LIBRARIES = YES;
				BUNDLE_LOADER = "$(TEST_HOST)";
				CODE_SIGN_STYLE = Automatic;
				CURRENT_PROJECT_VERSION = 1;
				DEVELOPMENT_TEAM = 36LQ6HAJ6Y;
				GENERATE_INFOPLIST_FILE = YES;
				IPHONEOS_DEPLOYMENT_TARGET = 16.4;
				MARKETING_VERSION = 1.0;
				PRODUCT_BUNDLE_IDENTIFIER = JustinKnight.RecipeGuruTests;
				PRODUCT_NAME = "$(TARGET_NAME)";
				SWIFT_EMIT_LOC_STRINGS = NO;
				SWIFT_VERSION = 5.0;
				TARGETED_DEVICE_FAMILY = "1,2";
				TEST_HOST = "$(BUILT_PRODUCTS_DIR)/RecipeGuru.app/$(BUNDLE_EXECUTABLE_FOLDER_PATH)/RecipeGuru";
			};
			name = Release;
		};
		6775BB832A9E766200F3A9A3 /* Debug */ = {
			isa = XCBuildConfiguration;
			buildSettings = {
				ALWAYS_EMBED_SWIFT_STANDARD_LIBRARIES = YES;
				CODE_SIGN_STYLE = Automatic;
				CURRENT_PROJECT_VERSION = 1;
				DEVELOPMENT_TEAM = 36LQ6HAJ6Y;
				GENERATE_INFOPLIST_FILE = YES;
				MARKETING_VERSION = 1.0;
				PRODUCT_BUNDLE_IDENTIFIER = JustinKnight.RecipeGuruUITests;
				PRODUCT_NAME = "$(TARGET_NAME)";
				SWIFT_EMIT_LOC_STRINGS = NO;
				SWIFT_VERSION = 5.0;
				TARGETED_DEVICE_FAMILY = "1,2";
				TEST_TARGET_NAME = RecipeGuru;
			};
			name = Debug;
		};
		6775BB842A9E766200F3A9A3 /* Release */ = {
			isa = XCBuildConfiguration;
			buildSettings = {
				ALWAYS_EMBED_SWIFT_STANDARD_LIBRARIES = YES;
				CODE_SIGN_STYLE = Automatic;
				CURRENT_PROJECT_VERSION = 1;
				DEVELOPMENT_TEAM = 36LQ6HAJ6Y;
				GENERATE_INFOPLIST_FILE = YES;
				MARKETING_VERSION = 1.0;
				PRODUCT_BUNDLE_IDENTIFIER = JustinKnight.RecipeGuruUITests;
				PRODUCT_NAME = "$(TARGET_NAME)";
				SWIFT_EMIT_LOC_STRINGS = NO;
				SWIFT_VERSION = 5.0;
				TARGETED_DEVICE_FAMILY = "1,2";
				TEST_TARGET_NAME = RecipeGuru;
			};
			name = Release;
		};
/* End XCBuildConfiguration section */

/* Begin XCConfigurationList section */
		6775BB532A9E765F00F3A9A3 /* Build configuration list for PBXProject "RecipeGuru" */ = {
			isa = XCConfigurationList;
			buildConfigurations = (
				6775BB7A2A9E766200F3A9A3 /* Debug */,
				6775BB7B2A9E766200F3A9A3 /* Release */,
			);
			defaultConfigurationIsVisible = 0;
			defaultConfigurationName = Release;
		};
		6775BB7C2A9E766200F3A9A3 /* Build configuration list for PBXNativeTarget "RecipeGuru" */ = {
			isa = XCConfigurationList;
			buildConfigurations = (
				6775BB7D2A9E766200F3A9A3 /* Debug */,
				6775BB7E2A9E766200F3A9A3 /* Release */,
			);
			defaultConfigurationIsVisible = 0;
			defaultConfigurationName = Release;
		};
		6775BB7F2A9E766200F3A9A3 /* Build configuration list for PBXNativeTarget "RecipeGuruTests" */ = {
			isa = XCConfigurationList;
			buildConfigurations = (
				6775BB802A9E766200F3A9A3 /* Debug */,
				6775BB812A9E766200F3A9A3 /* Release */,
			);
			defaultConfigurationIsVisible = 0;
			defaultConfigurationName = Release;
		};
		6775BB822A9E766200F3A9A3 /* Build configuration list for PBXNativeTarget "RecipeGuruUITests" */ = {
			isa = XCConfigurationList;
			buildConfigurations = (
				6775BB832A9E766200F3A9A3 /* Debug */,
				6775BB842A9E766200F3A9A3 /* Release */,
			);
			defaultConfigurationIsVisible = 0;
			defaultConfigurationName = Release;
		};
/* End XCConfigurationList section */
	};
	rootObject = 6775BB502A9E765F00F3A9A3 /* Project object */;
}
